// !$*UTF8*$!
{
	archiveVersion = 1;
	classes = {
	};
	objectVersion = 48;
	objects = {

/* Begin PBXBuildFile section */
		5E4574E51FCC49DD00023778 /* AppDelegate.swift in Sources */ = {isa = PBXBuildFile; fileRef = 5E4574E41FCC49DD00023778 /* AppDelegate.swift */; };
		5E4574EC1FCC49DD00023778 /* Assets.xcassets in Resources */ = {isa = PBXBuildFile; fileRef = 5E4574EB1FCC49DD00023778 /* Assets.xcassets */; };
		5E4574EF1FCC49DD00023778 /* LaunchScreen.storyboard in Resources */ = {isa = PBXBuildFile; fileRef = 5E4574ED1FCC49DD00023778 /* LaunchScreen.storyboard */; };
		5E4574F71FCC4A5700023778 /* UIViewController+Extension.swift in Sources */ = {isa = PBXBuildFile; fileRef = 5E4574F61FCC4A5700023778 /* UIViewController+Extension.swift */; };
		5E4574F91FCC4D6100023778 /* HomeViewController.storyboard in Resources */ = {isa = PBXBuildFile; fileRef = 5E4574F81FCC4D6100023778 /* HomeViewController.storyboard */; };
		5E4574FB1FCC4D7B00023778 /* HomeViewController.swift in Sources */ = {isa = PBXBuildFile; fileRef = 5E4574FA1FCC4D7B00023778 /* HomeViewController.swift */; };
		5E4574FD1FCC4DFC00023778 /* SecondViewController.storyboard in Resources */ = {isa = PBXBuildFile; fileRef = 5E4574FC1FCC4DFC00023778 /* SecondViewController.storyboard */; };
		5E4574FF1FCC4E1200023778 /* SecondViewController.swift in Sources */ = {isa = PBXBuildFile; fileRef = 5E4574FE1FCC4E1200023778 /* SecondViewController.swift */; };
		5E4575011FCC542B00023778 /* Main.storyboard in Resources */ = {isa = PBXBuildFile; fileRef = 5E4575001FCC542B00023778 /* Main.storyboard */; };
		5E4575031FCC543A00023778 /* ViewControllerA.swift in Sources */ = {isa = PBXBuildFile; fileRef = 5E4575021FCC543A00023778 /* ViewControllerA.swift */; };
		5E4575051FCC544300023778 /* ViewControllerB.swift in Sources */ = {isa = PBXBuildFile; fileRef = 5E4575041FCC544300023778 /* ViewControllerB.swift */; };
		5E4575071FCC594400023778 /* UIStoryboard+Extension.swift in Sources */ = {isa = PBXBuildFile; fileRef = 5E4575061FCC594400023778 /* UIStoryboard+Extension.swift */; };
		5E48AB671FCCD81A00EDB8D5 /* README.md in Resources */ = {isa = PBXBuildFile; fileRef = 5E48AB661FCCD81A00EDB8D5 /* README.md */; };
		5EE7348E1FCDA92300A593AA /* CustomTableViewController.swift in Sources */ = {isa = PBXBuildFile; fileRef = 5EE7348D1FCDA92300A593AA /* CustomTableViewController.swift */; };
		5EE734901FCDAA4100A593AA /* UITableViewCell+Extension.swift in Sources */ = {isa = PBXBuildFile; fileRef = 5EE7348F1FCDAA4100A593AA /* UITableViewCell+Extension.swift */; };
		5EE734921FCDAAF800A593AA /* UITableView+Extension.swift in Sources */ = {isa = PBXBuildFile; fileRef = 5EE734911FCDAAF800A593AA /* UITableView+Extension.swift */; };
		5EE734941FCDAE9A00A593AA /* Identifiable.swift in Sources */ = {isa = PBXBuildFile; fileRef = 5EE734931FCDAE9A00A593AA /* Identifiable.swift */; };
/* End PBXBuildFile section */

/* Begin PBXFileReference section */
		5E4574E11FCC49DD00023778 /* UIStoryboard Tutorial.app */ = {isa = PBXFileReference; explicitFileType = wrapper.application; includeInIndex = 0; path = "UIStoryboard Tutorial.app"; sourceTree = BUILT_PRODUCTS_DIR; };
		5E4574E41FCC49DD00023778 /* AppDelegate.swift */ = {isa = PBXFileReference; lastKnownFileType = sourcecode.swift; path = AppDelegate.swift; sourceTree = "<group>"; };
		5E4574EB1FCC49DD00023778 /* Assets.xcassets */ = {isa = PBXFileReference; lastKnownFileType = folder.assetcatalog; path = Assets.xcassets; sourceTree = "<group>"; };
		5E4574EE1FCC49DD00023778 /* Base */ = {isa = PBXFileReference; lastKnownFileType = file.storyboard; name = Base; path = Base.lproj/LaunchScreen.storyboard; sourceTree = "<group>"; };
		5E4574F01FCC49DD00023778 /* Info.plist */ = {isa = PBXFileReference; lastKnownFileType = text.plist.xml; path = Info.plist; sourceTree = "<group>"; };
		5E4574F61FCC4A5700023778 /* UIViewController+Extension.swift */ = {isa = PBXFileReference; lastKnownFileType = sourcecode.swift; path = "UIViewController+Extension.swift"; sourceTree = "<group>"; };
		5E4574F81FCC4D6100023778 /* HomeViewController.storyboard */ = {isa = PBXFileReference; lastKnownFileType = file.storyboard; path = HomeViewController.storyboard; sourceTree = "<group>"; };
		5E4574FA1FCC4D7B00023778 /* HomeViewController.swift */ = {isa = PBXFileReference; lastKnownFileType = sourcecode.swift; path = HomeViewController.swift; sourceTree = "<group>"; };
		5E4574FC1FCC4DFC00023778 /* SecondViewController.storyboard */ = {isa = PBXFileReference; lastKnownFileType = file.storyboard; path = SecondViewController.storyboard; sourceTree = "<group>"; };
		5E4574FE1FCC4E1200023778 /* SecondViewController.swift */ = {isa = PBXFileReference; lastKnownFileType = sourcecode.swift; path = SecondViewController.swift; sourceTree = "<group>"; };
		5E4575001FCC542B00023778 /* Main.storyboard */ = {isa = PBXFileReference; lastKnownFileType = file.storyboard; path = Main.storyboard; sourceTree = "<group>"; };
		5E4575021FCC543A00023778 /* ViewControllerA.swift */ = {isa = PBXFileReference; lastKnownFileType = sourcecode.swift; path = ViewControllerA.swift; sourceTree = "<group>"; };
		5E4575041FCC544300023778 /* ViewControllerB.swift */ = {isa = PBXFileReference; lastKnownFileType = sourcecode.swift; path = ViewControllerB.swift; sourceTree = "<group>"; };
		5E4575061FCC594400023778 /* UIStoryboard+Extension.swift */ = {isa = PBXFileReference; lastKnownFileType = sourcecode.swift; path = "UIStoryboard+Extension.swift"; sourceTree = "<group>"; };
		5E48AB661FCCD81A00EDB8D5 /* README.md */ = {isa = PBXFileReference; fileEncoding = 4; lastKnownFileType = net.daringfireball.markdown; path = README.md; sourceTree = SOURCE_ROOT; };
		5EE7348D1FCDA92300A593AA /* CustomTableViewController.swift */ = {isa = PBXFileReference; lastKnownFileType = sourcecode.swift; path = CustomTableViewController.swift; sourceTree = "<group>"; };
		5EE7348F1FCDAA4100A593AA /* UITableViewCell+Extension.swift */ = {isa = PBXFileReference; lastKnownFileType = sourcecode.swift; path = "UITableViewCell+Extension.swift"; sourceTree = "<group>"; };
		5EE734911FCDAAF800A593AA /* UITableView+Extension.swift */ = {isa = PBXFileReference; lastKnownFileType = sourcecode.swift; path = "UITableView+Extension.swift"; sourceTree = "<group>"; };
		5EE734931FCDAE9A00A593AA /* Identifiable.swift */ = {isa = PBXFileReference; lastKnownFileType = sourcecode.swift; path = Identifiable.swift; sourceTree = "<group>"; };
/* End PBXFileReference section */

/* Begin PBXFrameworksBuildPhase section */
		5E4574DE1FCC49DD00023778 /* Frameworks */ = {
			isa = PBXFrameworksBuildPhase;
			buildActionMask = 2147483647;
			files = (
			);
			runOnlyForDeploymentPostprocessing = 0;
		};
/* End PBXFrameworksBuildPhase section */

/* Begin PBXGroup section */
		5E4574D81FCC49DD00023778 = {
			isa = PBXGroup;
			children = (
				5E4574E31FCC49DD00023778 /* UIStoryboard Tutorial */,
				5E4574E21FCC49DD00023778 /* Products */,
			);
			sourceTree = "<group>";
		};
		5E4574E21FCC49DD00023778 /* Products */ = {
			isa = PBXGroup;
			children = (
				5E4574E11FCC49DD00023778 /* UIStoryboard Tutorial.app */,
			);
			name = Products;
			sourceTree = "<group>";
		};
		5E4574E31FCC49DD00023778 /* UIStoryboard Tutorial */ = {
			isa = PBXGroup;
			children = (
				5E4574E41FCC49DD00023778 /* AppDelegate.swift */,
				5E4574FE1FCC4E1200023778 /* SecondViewController.swift */,
				5E4574FA1FCC4D7B00023778 /* HomeViewController.swift */,
				5E4575021FCC543A00023778 /* ViewControllerA.swift */,
				5E4575041FCC544300023778 /* ViewControllerB.swift */,
				5E4575001FCC542B00023778 /* Main.storyboard */,
				5E4574F81FCC4D6100023778 /* HomeViewController.storyboard */,
				5E4574FC1FCC4DFC00023778 /* SecondViewController.storyboard */,
				5E4574F61FCC4A5700023778 /* UIViewController+Extension.swift */,
				5E4575061FCC594400023778 /* UIStoryboard+Extension.swift */,
				5EE7348F1FCDAA4100A593AA /* UITableViewCell+Extension.swift */,
				5EE734911FCDAAF800A593AA /* UITableView+Extension.swift */,
				5EE7348D1FCDA92300A593AA /* CustomTableViewController.swift */,
				5EE734931FCDAE9A00A593AA /* Identifiable.swift */,
				5E4574EB1FCC49DD00023778 /* Assets.xcassets */,
				5E4574ED1FCC49DD00023778 /* LaunchScreen.storyboard */,
				5E4574F01FCC49DD00023778 /* Info.plist */,
				5E48AB661FCCD81A00EDB8D5 /* README.md */,
			);
			path = "UIStoryboard Tutorial";
			sourceTree = "<group>";
		};
/* End PBXGroup section */

/* Begin PBXNativeTarget section */
		5E4574E01FCC49DD00023778 /* UIStoryboard Tutorial */ = {
			isa = PBXNativeTarget;
			buildConfigurationList = 5E4574F31FCC49DD00023778 /* Build configuration list for PBXNativeTarget "UIStoryboard Tutorial" */;
			buildPhases = (
				5E4574DD1FCC49DD00023778 /* Sources */,
				5E4574DE1FCC49DD00023778 /* Frameworks */,
				5E4574DF1FCC49DD00023778 /* Resources */,
			);
			buildRules = (
			);
			dependencies = (
			);
			name = "UIStoryboard Tutorial";
			productName = "UIStoryboard Tutorial";
			productReference = 5E4574E11FCC49DD00023778 /* UIStoryboard Tutorial.app */;
			productType = "com.apple.product-type.application";
		};
/* End PBXNativeTarget section */

/* Begin PBXProject section */
		5E4574D91FCC49DD00023778 /* Project object */ = {
			isa = PBXProject;
			attributes = {
				LastSwiftUpdateCheck = 0910;
				LastUpgradeCheck = 0910;
				ORGANIZATIONNAME = "Jason Chan";
				TargetAttributes = {
					5E4574E01FCC49DD00023778 = {
						CreatedOnToolsVersion = 9.1;
						ProvisioningStyle = Automatic;
					};
				};
			};
			buildConfigurationList = 5E4574DC1FCC49DD00023778 /* Build configuration list for PBXProject "UIStoryboard Tutorial" */;
			compatibilityVersion = "Xcode 8.0";
			developmentRegion = en;
			hasScannedForEncodings = 0;
			knownRegions = (
				en,
				Base,
			);
			mainGroup = 5E4574D81FCC49DD00023778;
			productRefGroup = 5E4574E21FCC49DD00023778 /* Products */;
			projectDirPath = "";
			projectRoot = "";
			targets = (
				5E4574E01FCC49DD00023778 /* UIStoryboard Tutorial */,
			);
		};
/* End PBXProject section */

/* Begin PBXResourcesBuildPhase section */
		5E4574DF1FCC49DD00023778 /* Resources */ = {
			isa = PBXResourcesBuildPhase;
			buildActionMask = 2147483647;
			files = (
				5E48AB671FCCD81A00EDB8D5 /* README.md in Resources */,
				5E4574F91FCC4D6100023778 /* HomeViewController.storyboard in Resources */,
				5E4575011FCC542B00023778 /* Main.storyboard in Resources */,
				5E4574EF1FCC49DD00023778 /* LaunchScreen.storyboard in Resources */,
				5E4574FD1FCC4DFC00023778 /* SecondViewController.storyboard in Resources */,
				5E4574EC1FCC49DD00023778 /* Assets.xcassets in Resources */,
			);
			runOnlyForDeploymentPostprocessing = 0;
		};
/* End PBXResourcesBuildPhase section */

/* Begin PBXSourcesBuildPhase section */
		5E4574DD1FCC49DD00023778 /* Sources */ = {
			isa = PBXSourcesBuildPhase;
			buildActionMask = 2147483647;
			files = (
				5E4574F71FCC4A5700023778 /* UIViewController+Extension.swift in Sources */,
				5E4574E51FCC49DD00023778 /* AppDelegate.swift in Sources */,
				5E4574FF1FCC4E1200023778 /* SecondViewController.swift in Sources */,
				5E4575051FCC544300023778 /* ViewControllerB.swift in Sources */,
				5EE734901FCDAA4100A593AA /* UITableViewCell+Extension.swift in Sources */,
				5EE7348E1FCDA92300A593AA /* CustomTableViewController.swift in Sources */,
				5E4575031FCC543A00023778 /* ViewControllerA.swift in Sources */,
				5EE734921FCDAAF800A593AA /* UITableView+Extension.swift in Sources */,
				5EE734941FCDAE9A00A593AA /* Identifiable.swift in Sources */,
				5E4574FB1FCC4D7B00023778 /* HomeViewController.swift in Sources */,
				5E4575071FCC594400023778 /* UIStoryboard+Extension.swift in Sources */,
			);
			runOnlyForDeploymentPostprocessing = 0;
		};
/* End PBXSourcesBuildPhase section */

/* Begin PBXVariantGroup section */
		5E4574ED1FCC49DD00023778 /* LaunchScreen.storyboard */ = {
			isa = PBXVariantGroup;
			children = (
				5E4574EE1FCC49DD00023778 /* Base */,
			);
			name = LaunchScreen.storyboard;
			sourceTree = "<group>";
		};
/* End PBXVariantGroup section */

/* Begin XCBuildConfiguration section */
		5E4574F11FCC49DD00023778 /* Debug */ = {
			isa = XCBuildConfiguration;
			buildSettings = {
				ALWAYS_SEARCH_USER_PATHS = NO;
				CLANG_ANALYZER_NONNULL = YES;
				CLANG_ANALYZER_NUMBER_OBJECT_CONVERSION = YES_AGGRESSIVE;
				CLANG_CXX_LANGUAGE_STANDARD = "gnu++14";
				CLANG_CXX_LIBRARY = "libc++";
				CLANG_ENABLE_MODULES = YES;
				CLANG_ENABLE_OBJC_ARC = YES;
				CLANG_WARN_BLOCK_CAPTURE_AUTORELEASING = YES;
				CLANG_WARN_BOOL_CONVERSION = YES;
				CLANG_WARN_COMMA = YES;
				CLANG_WARN_CONSTANT_CONVERSION = YES;
				CLANG_WARN_DIRECT_OBJC_ISA_USAGE = YES_ERROR;
				CLANG_WARN_DOCUMENTATION_COMMENTS = YES;
				CLANG_WARN_EMPTY_BODY = YES;
				CLANG_WARN_ENUM_CONVERSION = YES;
				CLANG_WARN_INFINITE_RECURSION = YES;
				CLANG_WARN_INT_CONVERSION = YES;
				CLANG_WARN_NON_LITERAL_NULL_CONVERSION = YES;
				CLANG_WARN_OBJC_LITERAL_CONVERSION = YES;
				CLANG_WARN_OBJC_ROOT_CLASS = YES_ERROR;
				CLANG_WARN_RANGE_LOOP_ANALYSIS = YES;
				CLANG_WARN_STRICT_PROTOTYPES = YES;
				CLANG_WARN_SUSPICIOUS_MOVE = YES;
				CLANG_WARN_UNGUARDED_AVAILABILITY = YES_AGGRESSIVE;
				CLANG_WARN_UNREACHABLE_CODE = YES;
				CLANG_WARN__DUPLICATE_METHOD_MATCH = YES;
				CODE_SIGN_IDENTITY = "iPhone Developer";
				COPY_PHASE_STRIP = NO;
				DEBUG_INFORMATION_FORMAT = dwarf;
				ENABLE_STRICT_OBJC_MSGSEND = YES;
				ENABLE_TESTABILITY = YES;
				GCC_C_LANGUAGE_STANDARD = gnu11;
				GCC_DYNAMIC_NO_PIC = NO;
				GCC_NO_COMMON_BLOCKS = YES;
				GCC_OPTIMIZATION_LEVEL = 0;
				GCC_PREPROCESSOR_DEFINITIONS = (
					"DEBUG=1",
					"$(inherited)",
				);
				GCC_WARN_64_TO_32_BIT_CONVERSION = YES;
				GCC_WARN_ABOUT_RETURN_TYPE = YES_ERROR;
				GCC_WARN_UNDECLARED_SELECTOR = YES;
				GCC_WARN_UNINITIALIZED_AUTOS = YES_AGGRESSIVE;
				GCC_WARN_UNUSED_FUNCTION = YES;
				GCC_WARN_UNUSED_VARIABLE = YES;
				IPHONEOS_DEPLOYMENT_TARGET = 11.1;
				MTL_ENABLE_DEBUG_INFO = YES;
				ONLY_ACTIVE_ARCH = YES;
				SDKROOT = iphoneos;
				SWIFT_ACTIVE_COMPILATION_CONDITIONS = DEBUG;
				SWIFT_OPTIMIZATION_LEVEL = "-Onone";
			};
			name = Debug;
		};
		5E4574F21FCC49DD00023778 /* Release */ = {
			isa = XCBuildConfiguration;
			buildSettings = {
				ALWAYS_SEARCH_USER_PATHS = NO;
				CLANG_ANALYZER_NONNULL = YES;
				CLANG_ANALYZER_NUMBER_OBJECT_CONVERSION = YES_AGGRESSIVE;
				CLANG_CXX_LANGUAGE_STANDARD = "gnu++14";
				CLANG_CXX_LIBRARY = "libc++";
				CLANG_ENABLE_MODULES = YES;
				CLANG_ENABLE_OBJC_ARC = YES;
				CLANG_WARN_BLOCK_CAPTURE_AUTORELEASING = YES;
				CLANG_WARN_BOOL_CONVERSION = YES;
				CLANG_WARN_COMMA = YES;
				CLANG_WARN_CONSTANT_CONVERSION = YES;
				CLANG_WARN_DIRECT_OBJC_ISA_USAGE = YES_ERROR;
				CLANG_WARN_DOCUMENTATION_COMMENTS = YES;
				CLANG_WARN_EMPTY_BODY = YES;
				CLANG_WARN_ENUM_CONVERSION = YES;
				CLANG_WARN_INFINITE_RECURSION = YES;
				CLANG_WARN_INT_CONVERSION = YES;
				CLANG_WARN_NON_LITERAL_NULL_CONVERSION = YES;
				CLANG_WARN_OBJC_LITERAL_CONVERSION = YES;
				CLANG_WARN_OBJC_ROOT_CLASS = YES_ERROR;
				CLANG_WARN_RANGE_LOOP_ANALYSIS = YES;
				CLANG_WARN_STRICT_PROTOTYPES = YES;
				CLANG_WARN_SUSPICIOUS_MOVE = YES;
				CLANG_WARN_UNGUARDED_AVAILABILITY = YES_AGGRESSIVE;
				CLANG_WARN_UNREACHABLE_CODE = YES;
				CLANG_WARN__DUPLICATE_METHOD_MATCH = YES;
				CODE_SIGN_IDENTITY = "iPhone Developer";
				COPY_PHASE_STRIP = NO;
				DEBUG_INFORMATION_FORMAT = "dwarf-with-dsym";
				ENABLE_NS_ASSERTIONS = NO;
				ENABLE_STRICT_OBJC_MSGSEND = YES;
				GCC_C_LANGUAGE_STANDARD = gnu11;
				GCC_NO_COMMON_BLOCKS = YES;
				GCC_WARN_64_TO_32_BIT_CONVERSION = YES;
				GCC_WARN_ABOUT_RETURN_TYPE = YES_ERROR;
				GCC_WARN_UNDECLARED_SELECTOR = YES;
				GCC_WARN_UNINITIALIZED_AUTOS = YES_AGGRESSIVE;
				GCC_WARN_UNUSED_FUNCTION = YES;
				GCC_WARN_UNUSED_VARIABLE = YES;
				IPHONEOS_DEPLOYMENT_TARGET = 11.1;
				MTL_ENABLE_DEBUG_INFO = NO;
				SDKROOT = iphoneos;
				SWIFT_OPTIMIZATION_LEVEL = "-Owholemodule";
				VALIDATE_PRODUCT = YES;
			};
			name = Release;
		};
		5E4574F41FCC49DD00023778 /* Debug */ = {
			isa = XCBuildConfiguration;
			buildSettings = {
				ASSETCATALOG_COMPILER_APPICON_NAME = AppIcon;
				CODE_SIGN_STYLE = Automatic;
				DEVELOPMENT_TEAM = 66RBU2AWED;
				INFOPLIST_FILE = "UIStoryboard Tutorial/Info.plist";
				LD_RUNPATH_SEARCH_PATHS = "$(inherited) @executable_path/Frameworks";
				PRODUCT_BUNDLE_IDENTIFIER = "jasonchan.UIStoryboard-Tutorial";
				PRODUCT_NAME = "$(TARGET_NAME)";
				SWIFT_VERSION = 4.0;
				TARGETED_DEVICE_FAMILY = "1,2";
			};
			name = Debug;
		};
		5E4574F51FCC49DD00023778 /* Release */ = {
			isa = XCBuildConfiguration;
			buildSettings = {
				ASSETCATALOG_COMPILER_APPICON_NAME = AppIcon;
				CODE_SIGN_STYLE = Automatic;
				DEVELOPMENT_TEAM = 66RBU2AWED;
				INFOPLIST_FILE = "UIStoryboard Tutorial/Info.plist";
				LD_RUNPATH_SEARCH_PATHS = "$(inherited) @executable_path/Frameworks";
				PRODUCT_BUNDLE_IDENTIFIER = "jasonchan.UIStoryboard-Tutorial";
				PRODUCT_NAME = "$(TARGET_NAME)";
				SWIFT_VERSION = 4.0;
				TARGETED_DEVICE_FAMILY = "1,2";
			};
			name = Release;
		};
/* End XCBuildConfiguration section */

/* Begin XCConfigurationList section */
		5E4574DC1FCC49DD00023778 /* Build configuration list for PBXProject "UIStoryboard Tutorial" */ = {
			isa = XCConfigurationList;
			buildConfigurations = (
				5E4574F11FCC49DD00023778 /* Debug */,
				5E4574F21FCC49DD00023778 /* Release */,
			);
			defaultConfigurationIsVisible = 0;
			defaultConfigurationName = Release;
		};
		5E4574F31FCC49DD00023778 /* Build configuration list for PBXNativeTarget "UIStoryboard Tutorial" */ = {
			isa = XCConfigurationList;
			buildConfigurations = (
				5E4574F41FCC49DD00023778 /* Debug */,
				5E4574F51FCC49DD00023778 /* Release */,
			);
			defaultConfigurationIsVisible = 0;
			defaultConfigurationName = Release;
		};
/* End XCConfigurationList section */
	};
	rootObject = 5E4574D91FCC49DD00023778 /* Project object */;
}
